// !$*UTF8*$!
{
	archiveVersion = 1;
	classes = {
	};
	objectVersion = 50;
	objects = {

/* Begin PBXBuildFile section */
		7D1D738220B733A1001FF9BF /* GameSounds.swift in Sources */ = {isa = PBXBuildFile; fileRef = 7D1D738120B733A1001FF9BF /* GameSounds.swift */; };
		7D23003B20B742FD00744A12 /* Menu.mp3 in Resources */ = {isa = PBXBuildFile; fileRef = 7D23003A20B742FD00744A12 /* Menu.mp3 */; };
		7D23003D20B7430600744A12 /* InGameSounds.mp3 in Resources */ = {isa = PBXBuildFile; fileRef = 7D23003C20B7430600744A12 /* InGameSounds.mp3 */; };
		7D23003F20B74C1500744A12 /* DeathSound.mp3 in Resources */ = {isa = PBXBuildFile; fileRef = 7D23003E20B74C1500744A12 /* DeathSound.mp3 */; };
		7DF54FD520B868EF000A3ED4 /* powerUpOne.wav in Resources */ = {isa = PBXBuildFile; fileRef = 7DF54FD420B868EF000A3ED4 /* powerUpOne.wav */; };
		7DF54FD720B868F6000A3ED4 /* powerUpTwo.wav in Resources */ = {isa = PBXBuildFile; fileRef = 7DF54FD620B868F6000A3ED4 /* powerUpTwo.wav */; };
		7DF54FD920B868FD000A3ED4 /* powerUpThree.wav in Resources */ = {isa = PBXBuildFile; fileRef = 7DF54FD820B868FD000A3ED4 /* powerUpThree.wav */; };
		9DB2382D20B638630091885A /* AppDelegate.swift in Sources */ = {isa = PBXBuildFile; fileRef = 9DB2382C20B638630091885A /* AppDelegate.swift */; };
		9DB2383120B638630091885A /* Actions.sks in Resources */ = {isa = PBXBuildFile; fileRef = 9DB2383020B638630091885A /* Actions.sks */; };
		9DB2383520B638630091885A /* GameViewController.swift in Sources */ = {isa = PBXBuildFile; fileRef = 9DB2383420B638630091885A /* GameViewController.swift */; };
		9DB2383820B638630091885A /* Main.storyboard in Resources */ = {isa = PBXBuildFile; fileRef = 9DB2383620B638630091885A /* Main.storyboard */; };
		9DB2383A20B638640091885A /* Assets.xcassets in Resources */ = {isa = PBXBuildFile; fileRef = 9DB2383920B638640091885A /* Assets.xcassets */; };
		9DB2383D20B638640091885A /* LaunchScreen.storyboard in Resources */ = {isa = PBXBuildFile; fileRef = 9DB2383B20B638640091885A /* LaunchScreen.storyboard */; };
		9DB2385520B639F20091885A /* GameSceneJames.swift in Sources */ = {isa = PBXBuildFile; fileRef = 9DB2385020B639F20091885A /* GameSceneJames.swift */; };
		9DB2385620B639F20091885A /* GameSceneHayden.swift in Sources */ = {isa = PBXBuildFile; fileRef = 9DB2385120B639F20091885A /* GameSceneHayden.swift */; };
		9DB2385720B639F20091885A /* GameScene.swift in Sources */ = {isa = PBXBuildFile; fileRef = 9DB2385220B639F20091885A /* GameScene.swift */; };
		9DB2385820B639F20091885A /* PhysicsCatgagory.swift in Sources */ = {isa = PBXBuildFile; fileRef = 9DB2385320B639F20091885A /* PhysicsCatgagory.swift */; };
		9DB2385920B639F20091885A /* GameSceneFrancisco.swift in Sources */ = {isa = PBXBuildFile; fileRef = 9DB2385420B639F20091885A /* GameSceneFrancisco.swift */; };
		9DB2385D20B63A0C0091885A /* GameMenu.swift in Sources */ = {isa = PBXBuildFile; fileRef = 9DB2385B20B63A0C0091885A /* GameMenu.swift */; };
		9DB2386020B63AC10091885A /* Player.swift in Sources */ = {isa = PBXBuildFile; fileRef = 9DB2385F20B63AC10091885A /* Player.swift */; };
		9DB2386220B63ACA0091885A /* Ground.swift in Sources */ = {isa = PBXBuildFile; fileRef = 9DB2386120B63ACA0091885A /* Ground.swift */; };
		9DB2386420B63AD20091885A /* Icicle.swift in Sources */ = {isa = PBXBuildFile; fileRef = 9DB2386320B63AD20091885A /* Icicle.swift */; };
		9DB2386620B63AE10091885A /* WinPad.swift in Sources */ = {isa = PBXBuildFile; fileRef = 9DB2386520B63AE10091885A /* WinPad.swift */; };
		9DB2386820B63AEE0091885A /* LosePad.swift in Sources */ = {isa = PBXBuildFile; fileRef = 9DB2386720B63AEE0091885A /* LosePad.swift */; };
		9DB2386D20B653C60091885A /* LLPIXEL3.ttf in Resources */ = {isa = PBXBuildFile; fileRef = 9DB2386C20B653C40091885A /* LLPIXEL3.ttf */; };
		9DB2387120B65CE10091885A /* Colors.swift in Sources */ = {isa = PBXBuildFile; fileRef = 9DB2386F20B65CE10091885A /* Colors.swift */; };
		9DB2387220B65CE10091885A /* View+Extension.swift in Sources */ = {isa = PBXBuildFile; fileRef = 9DB2387020B65CE10091885A /* View+Extension.swift */; };
		9DB2387420B664A30091885A /* Wall.swift in Sources */ = {isa = PBXBuildFile; fileRef = 9DB2387320B664A30091885A /* Wall.swift */; };
		9DB2387620B710870091885A /* PowerUp.swift in Sources */ = {isa = PBXBuildFile; fileRef = 9DB2387520B710870091885A /* PowerUp.swift */; };
		9DB2388F20BC90280091885A /* CaveBackground.png in Resources */ = {isa = PBXBuildFile; fileRef = 9DB2388E20BC90280091885A /* CaveBackground.png */; };
/* End PBXBuildFile section */

/* Begin PBXFileReference section */
		7D1D738120B733A1001FF9BF /* GameSounds.swift */ = {isa = PBXFileReference; lastKnownFileType = sourcecode.swift; path = GameSounds.swift; sourceTree = "<group>"; };
		7D23003A20B742FD00744A12 /* Menu.mp3 */ = {isa = PBXFileReference; lastKnownFileType = audio.mp3; path = Menu.mp3; sourceTree = "<group>"; };
		7D23003C20B7430600744A12 /* InGameSounds.mp3 */ = {isa = PBXFileReference; lastKnownFileType = audio.mp3; path = InGameSounds.mp3; sourceTree = "<group>"; };
		7D23003E20B74C1500744A12 /* DeathSound.mp3 */ = {isa = PBXFileReference; lastKnownFileType = audio.mp3; path = DeathSound.mp3; sourceTree = "<group>"; };
		7DF54FD420B868EF000A3ED4 /* powerUpOne.wav */ = {isa = PBXFileReference; lastKnownFileType = audio.wav; path = powerUpOne.wav; sourceTree = "<group>"; };
		7DF54FD620B868F6000A3ED4 /* powerUpTwo.wav */ = {isa = PBXFileReference; lastKnownFileType = audio.wav; path = powerUpTwo.wav; sourceTree = "<group>"; };
		7DF54FD820B868FD000A3ED4 /* powerUpThree.wav */ = {isa = PBXFileReference; lastKnownFileType = audio.wav; path = powerUpThree.wav; sourceTree = "<group>"; };
		9DB2382920B638630091885A /* IceJumpers.app */ = {isa = PBXFileReference; explicitFileType = wrapper.application; includeInIndex = 0; path = IceJumpers.app; sourceTree = BUILT_PRODUCTS_DIR; };
		9DB2382C20B638630091885A /* AppDelegate.swift */ = {isa = PBXFileReference; lastKnownFileType = sourcecode.swift; path = AppDelegate.swift; sourceTree = "<group>"; };
		9DB2383020B638630091885A /* Actions.sks */ = {isa = PBXFileReference; lastKnownFileType = file.sks; path = Actions.sks; sourceTree = "<group>"; };
		9DB2383420B638630091885A /* GameViewController.swift */ = {isa = PBXFileReference; lastKnownFileType = sourcecode.swift; path = GameViewController.swift; sourceTree = "<group>"; };
		9DB2383720B638630091885A /* Base */ = {isa = PBXFileReference; lastKnownFileType = file.storyboard; name = Base; path = Base.lproj/Main.storyboard; sourceTree = "<group>"; };
		9DB2383920B638640091885A /* Assets.xcassets */ = {isa = PBXFileReference; lastKnownFileType = folder.assetcatalog; path = Assets.xcassets; sourceTree = "<group>"; };
		9DB2383C20B638640091885A /* Base */ = {isa = PBXFileReference; lastKnownFileType = file.storyboard; name = Base; path = Base.lproj/LaunchScreen.storyboard; sourceTree = "<group>"; };
		9DB2383E20B638640091885A /* Info.plist */ = {isa = PBXFileReference; lastKnownFileType = text.plist.xml; path = Info.plist; sourceTree = "<group>"; };
		9DB2385020B639F20091885A /* GameSceneJames.swift */ = {isa = PBXFileReference; fileEncoding = 4; lastKnownFileType = sourcecode.swift; name = GameSceneJames.swift; path = IceJumpers/GameSceneJames.swift; sourceTree = SOURCE_ROOT; };
		9DB2385120B639F20091885A /* GameSceneHayden.swift */ = {isa = PBXFileReference; fileEncoding = 4; lastKnownFileType = sourcecode.swift; name = GameSceneHayden.swift; path = IceJumpers/GameSceneHayden.swift; sourceTree = SOURCE_ROOT; };
		9DB2385220B639F20091885A /* GameScene.swift */ = {isa = PBXFileReference; fileEncoding = 4; lastKnownFileType = sourcecode.swift; name = GameScene.swift; path = IceJumpers/GameScene.swift; sourceTree = SOURCE_ROOT; };
		9DB2385320B639F20091885A /* PhysicsCatgagory.swift */ = {isa = PBXFileReference; fileEncoding = 4; lastKnownFileType = sourcecode.swift; name = PhysicsCatgagory.swift; path = IceJumpers/Objects/PhysicsCatgagory.swift; sourceTree = SOURCE_ROOT; };
		9DB2385420B639F20091885A /* GameSceneFrancisco.swift */ = {isa = PBXFileReference; fileEncoding = 4; lastKnownFileType = sourcecode.swift; name = GameSceneFrancisco.swift; path = IceJumpers/GameSceneFrancisco.swift; sourceTree = SOURCE_ROOT; };
		9DB2385B20B63A0C0091885A /* GameMenu.swift */ = {isa = PBXFileReference; fileEncoding = 4; lastKnownFileType = sourcecode.swift; path = GameMenu.swift; sourceTree = "<group>"; };
		9DB2385F20B63AC10091885A /* Player.swift */ = {isa = PBXFileReference; lastKnownFileType = sourcecode.swift; path = Player.swift; sourceTree = "<group>"; };
		9DB2386120B63ACA0091885A /* Ground.swift */ = {isa = PBXFileReference; lastKnownFileType = sourcecode.swift; path = Ground.swift; sourceTree = "<group>"; };
		9DB2386320B63AD20091885A /* Icicle.swift */ = {isa = PBXFileReference; lastKnownFileType = sourcecode.swift; path = Icicle.swift; sourceTree = "<group>"; };
		9DB2386520B63AE10091885A /* WinPad.swift */ = {isa = PBXFileReference; lastKnownFileType = sourcecode.swift; path = WinPad.swift; sourceTree = "<group>"; };
		9DB2386720B63AEE0091885A /* LosePad.swift */ = {isa = PBXFileReference; lastKnownFileType = sourcecode.swift; path = LosePad.swift; sourceTree = "<group>"; };
		9DB2386C20B653C40091885A /* LLPIXEL3.ttf */ = {isa = PBXFileReference; lastKnownFileType = file; path = LLPIXEL3.ttf; sourceTree = "<group>"; };
		9DB2386F20B65CE10091885A /* Colors.swift */ = {isa = PBXFileReference; fileEncoding = 4; lastKnownFileType = sourcecode.swift; path = Colors.swift; sourceTree = "<group>"; };
		9DB2387020B65CE10091885A /* View+Extension.swift */ = {isa = PBXFileReference; fileEncoding = 4; lastKnownFileType = sourcecode.swift; path = "View+Extension.swift"; sourceTree = "<group>"; };
		9DB2387320B664A30091885A /* Wall.swift */ = {isa = PBXFileReference; lastKnownFileType = sourcecode.swift; path = Wall.swift; sourceTree = "<group>"; };
		9DB2387520B710870091885A /* PowerUp.swift */ = {isa = PBXFileReference; lastKnownFileType = sourcecode.swift; path = PowerUp.swift; sourceTree = "<group>"; };
		9DB2387720B735600091885A /* Icicle.png */ = {isa = PBXFileReference; lastKnownFileType = image.png; path = Icicle.png; sourceTree = "<group>"; };
		9DB2388E20BC90280091885A /* CaveBackground.png */ = {isa = PBXFileReference; lastKnownFileType = image.png; path = CaveBackground.png; sourceTree = "<group>"; };
/* End PBXFileReference section */

/* Begin PBXFrameworksBuildPhase section */
		9DB2382620B638630091885A /* Frameworks */ = {
			isa = PBXFrameworksBuildPhase;
			buildActionMask = 2147483647;
			files = (
			);
			runOnlyForDeploymentPostprocessing = 0;
		};
/* End PBXFrameworksBuildPhase section */

/* Begin PBXGroup section */
		9DB2382020B638630091885A = {
			isa = PBXGroup;
			children = (
				9DB2382B20B638630091885A /* IceJumpers */,
				9DB2382A20B638630091885A /* Products */,
				9DB2386C20B653C40091885A /* LLPIXEL3.ttf */,
			);
			sourceTree = "<group>";
		};
		9DB2382A20B638630091885A /* Products */ = {
			isa = PBXGroup;
			children = (
				9DB2382920B638630091885A /* IceJumpers.app */,
			);
			name = Products;
			sourceTree = "<group>";
		};
		9DB2382B20B638630091885A /* IceJumpers */ = {
			isa = PBXGroup;
			children = (
				9DB2385B20B63A0C0091885A /* GameMenu.swift */,
				9DB2382C20B638630091885A /* AppDelegate.swift */,
				9DB2384F20B6397F0091885A /* GameScene */,
				9DB2385E20B63AB40091885A /* Objects */,
				9DB2384420B638710091885A /* Resources */,
			);
			path = IceJumpers;
			sourceTree = "<group>";
		};
		9DB2384420B638710091885A /* Resources */ = {
			isa = PBXGroup;
			children = (
				7D23003A20B742FD00744A12 /* Menu.mp3 */,
				7D23003C20B7430600744A12 /* InGameSounds.mp3 */,
				7D23003E20B74C1500744A12 /* DeathSound.mp3 */,
				7DF54FD420B868EF000A3ED4 /* powerUpOne.wav */,
				7DF54FD620B868F6000A3ED4 /* powerUpTwo.wav */,
				7DF54FD820B868FD000A3ED4 /* powerUpThree.wav */,
				9DB2383020B638630091885A /* Actions.sks */,
				9DB2383420B638630091885A /* GameViewController.swift */,
				9DB2383620B638630091885A /* Main.storyboard */,
				9DB2383920B638640091885A /* Assets.xcassets */,
				9DB2383B20B638640091885A /* LaunchScreen.storyboard */,
				9DB2383E20B638640091885A /* Info.plist */,
				9DB2386E20B65CAC0091885A /* Colors */,
				9DB2386B20B63DF60091885A /* Images */,
			);
			path = Resources;
			sourceTree = "<group>";
		};
		9DB2384F20B6397F0091885A /* GameScene */ = {
			isa = PBXGroup;
			children = (
				9DB2385220B639F20091885A /* GameScene.swift */,
				9DB2385020B639F20091885A /* GameSceneJames.swift */,
				9DB2385120B639F20091885A /* GameSceneHayden.swift */,
				9DB2385420B639F20091885A /* GameSceneFrancisco.swift */,
			);
			path = GameScene;
			sourceTree = "<group>";
		};
		9DB2385E20B63AB40091885A /* Objects */ = {
			isa = PBXGroup;
			children = (
				9DB2385F20B63AC10091885A /* Player.swift */,
				9DB2386120B63ACA0091885A /* Ground.swift */,
				9DB2386320B63AD20091885A /* Icicle.swift */,
				9DB2386520B63AE10091885A /* WinPad.swift */,
				9DB2386720B63AEE0091885A /* LosePad.swift */,
				9DB2387520B710870091885A /* PowerUp.swift */,
				9DB2387320B664A30091885A /* Wall.swift */,
				9DB2385320B639F20091885A /* PhysicsCatgagory.swift */,
				7D1D738120B733A1001FF9BF /* GameSounds.swift */,
			);
			path = Objects;
			sourceTree = "<group>";
		};
		9DB2386B20B63DF60091885A /* Images */ = {
			isa = PBXGroup;
			children = (
				9DB2388E20BC90280091885A /* CaveBackground.png */,
				9DB2387720B735600091885A /* Icicle.png */,
			);
			path = Images;
			sourceTree = "<group>";
		};
		9DB2386E20B65CAC0091885A /* Colors */ = {
			isa = PBXGroup;
			children = (
				9DB2386F20B65CE10091885A /* Colors.swift */,
				9DB2387020B65CE10091885A /* View+Extension.swift */,
			);
			path = Colors;
			sourceTree = "<group>";
		};
/* End PBXGroup section */

/* Begin PBXNativeTarget section */
		9DB2382820B638630091885A /* IceJumpers */ = {
			isa = PBXNativeTarget;
			buildConfigurationList = 9DB2384120B638640091885A /* Build configuration list for PBXNativeTarget "IceJumpers" */;
			buildPhases = (
				9DB2382520B638630091885A /* Sources */,
				9DB2382620B638630091885A /* Frameworks */,
				9DB2382720B638630091885A /* Resources */,
			);
			buildRules = (
			);
			dependencies = (
			);
			name = IceJumpers;
			productName = IceJumpers;
			productReference = 9DB2382920B638630091885A /* IceJumpers.app */;
			productType = "com.apple.product-type.application";
		};
/* End PBXNativeTarget section */

/* Begin PBXProject section */
		9DB2382120B638630091885A /* Project object */ = {
			isa = PBXProject;
			attributes = {
				LastSwiftUpdateCheck = 0930;
				LastUpgradeCheck = 0930;
				ORGANIZATIONNAME = JamesNeeley;
				TargetAttributes = {
					9DB2382820B638630091885A = {
						CreatedOnToolsVersion = 9.3.1;
					};
				};
			};
			buildConfigurationList = 9DB2382420B638630091885A /* Build configuration list for PBXProject "IceJumpers" */;
			compatibilityVersion = "Xcode 9.3";
			developmentRegion = en;
			hasScannedForEncodings = 0;
			knownRegions = (
				en,
				Base,
			);
			mainGroup = 9DB2382020B638630091885A;
			productRefGroup = 9DB2382A20B638630091885A /* Products */;
			projectDirPath = "";
			projectRoot = "";
			targets = (
				9DB2382820B638630091885A /* IceJumpers */,
			);
		};
/* End PBXProject section */

/* Begin PBXResourcesBuildPhase section */
		9DB2382720B638630091885A /* Resources */ = {
			isa = PBXResourcesBuildPhase;
			buildActionMask = 2147483647;
			files = (
				7DF54FD720B868F6000A3ED4 /* powerUpTwo.wav in Resources */,
				9DB2383820B638630091885A /* Main.storyboard in Resources */,
				7D23003F20B74C1500744A12 /* DeathSound.mp3 in Resources */,
				9DB2383A20B638640091885A /* Assets.xcassets in Resources */,
				9DB2388F20BC90280091885A /* CaveBackground.png in Resources */,
				7D23003D20B7430600744A12 /* InGameSounds.mp3 in Resources */,
				9DB2383D20B638640091885A /* LaunchScreen.storyboard in Resources */,
				7D23003B20B742FD00744A12 /* Menu.mp3 in Resources */,
				7DF54FD520B868EF000A3ED4 /* powerUpOne.wav in Resources */,
				7DF54FD920B868FD000A3ED4 /* powerUpThree.wav in Resources */,
				9DB2386D20B653C60091885A /* LLPIXEL3.ttf in Resources */,
				9DB2383120B638630091885A /* Actions.sks in Resources */,
			);
			runOnlyForDeploymentPostprocessing = 0;
		};
/* End PBXResourcesBuildPhase section */

/* Begin PBXSourcesBuildPhase section */
		9DB2382520B638630091885A /* Sources */ = {
			isa = PBXSourcesBuildPhase;
			buildActionMask = 2147483647;
			files = (
				9DB2385D20B63A0C0091885A /* GameMenu.swift in Sources */,
				9DB2385720B639F20091885A /* GameScene.swift in Sources */,
				9DB2387620B710870091885A /* PowerUp.swift in Sources */,
				9DB2386620B63AE10091885A /* WinPad.swift in Sources */,
				9DB2387120B65CE10091885A /* Colors.swift in Sources */,
				7D1D738220B733A1001FF9BF /* GameSounds.swift in Sources */,
				9DB2383520B638630091885A /* GameViewController.swift in Sources */,
				9DB2387420B664A30091885A /* Wall.swift in Sources */,
				9DB2385920B639F20091885A /* GameSceneFrancisco.swift in Sources */,
				9DB2386220B63ACA0091885A /* Ground.swift in Sources */,
				9DB2387220B65CE10091885A /* View+Extension.swift in Sources */,
				9DB2386420B63AD20091885A /* Icicle.swift in Sources */,
				9DB2385620B639F20091885A /* GameSceneHayden.swift in Sources */,
				9DB2386820B63AEE0091885A /* LosePad.swift in Sources */,
				9DB2385820B639F20091885A /* PhysicsCatgagory.swift in Sources */,
				9DB2385520B639F20091885A /* GameSceneJames.swift in Sources */,
				9DB2386020B63AC10091885A /* Player.swift in Sources */,
				9DB2382D20B638630091885A /* AppDelegate.swift in Sources */,
			);
			runOnlyForDeploymentPostprocessing = 0;
		};
/* End PBXSourcesBuildPhase section */

/* Begin PBXVariantGroup section */
		9DB2383620B638630091885A /* Main.storyboard */ = {
			isa = PBXVariantGroup;
			children = (
				9DB2383720B638630091885A /* Base */,
			);
			name = Main.storyboard;
			sourceTree = "<group>";
		};
		9DB2383B20B638640091885A /* LaunchScreen.storyboard */ = {
			isa = PBXVariantGroup;
			children = (
				9DB2383C20B638640091885A /* Base */,
			);
			name = LaunchScreen.storyboard;
			sourceTree = "<group>";
		};
/* End PBXVariantGroup section */

/* Begin XCBuildConfiguration section */
		9DB2383F20B638640091885A /* Debug */ = {
			isa = XCBuildConfiguration;
			buildSettings = {
				ALWAYS_SEARCH_USER_PATHS = NO;
				CLANG_ANALYZER_NONNULL = YES;
				CLANG_ANALYZER_NUMBER_OBJECT_CONVERSION = YES_AGGRESSIVE;
				CLANG_CXX_LANGUAGE_STANDARD = "gnu++14";
				CLANG_CXX_LIBRARY = "libc++";
				CLANG_ENABLE_MODULES = YES;
				CLANG_ENABLE_OBJC_ARC = YES;
				CLANG_ENABLE_OBJC_WEAK = YES;
				CLANG_WARN_BLOCK_CAPTURE_AUTORELEASING = YES;
				CLANG_WARN_BOOL_CONVERSION = YES;
				CLANG_WARN_COMMA = YES;
				CLANG_WARN_CONSTANT_CONVERSION = YES;
				CLANG_WARN_DEPRECATED_OBJC_IMPLEMENTATIONS = YES;
				CLANG_WARN_DIRECT_OBJC_ISA_USAGE = YES_ERROR;
				CLANG_WARN_DOCUMENTATION_COMMENTS = YES;
				CLANG_WARN_EMPTY_BODY = YES;
				CLANG_WARN_ENUM_CONVERSION = YES;
				CLANG_WARN_INFINITE_RECURSION = YES;
				CLANG_WARN_INT_CONVERSION = YES;
				CLANG_WARN_NON_LITERAL_NULL_CONVERSION = YES;
				CLANG_WARN_OBJC_IMPLICIT_RETAIN_SELF = YES;
				CLANG_WARN_OBJC_LITERAL_CONVERSION = YES;
				CLANG_WARN_OBJC_ROOT_CLASS = YES_ERROR;
				CLANG_WARN_RANGE_LOOP_ANALYSIS = YES;
				CLANG_WARN_STRICT_PROTOTYPES = YES;
				CLANG_WARN_SUSPICIOUS_MOVE = YES;
				CLANG_WARN_UNGUARDED_AVAILABILITY = YES_AGGRESSIVE;
				CLANG_WARN_UNREACHABLE_CODE = YES;
				CLANG_WARN__DUPLICATE_METHOD_MATCH = YES;
				CODE_SIGN_IDENTITY = "iPhone Developer";
				COPY_PHASE_STRIP = NO;
				DEBUG_INFORMATION_FORMAT = dwarf;
				ENABLE_STRICT_OBJC_MSGSEND = YES;
				ENABLE_TESTABILITY = YES;
				GCC_C_LANGUAGE_STANDARD = gnu11;
				GCC_DYNAMIC_NO_PIC = NO;
				GCC_NO_COMMON_BLOCKS = YES;
				GCC_OPTIMIZATION_LEVEL = 0;
				GCC_PREPROCESSOR_DEFINITIONS = (
					"DEBUG=1",
					"$(inherited)",
				);
				GCC_WARN_64_TO_32_BIT_CONVERSION = YES;
				GCC_WARN_ABOUT_RETURN_TYPE = YES_ERROR;
				GCC_WARN_UNDECLARED_SELECTOR = YES;
				GCC_WARN_UNINITIALIZED_AUTOS = YES_AGGRESSIVE;
				GCC_WARN_UNUSED_FUNCTION = YES;
				GCC_WARN_UNUSED_VARIABLE = YES;
				IPHONEOS_DEPLOYMENT_TARGET = 11.3;
				MTL_ENABLE_DEBUG_INFO = YES;
				ONLY_ACTIVE_ARCH = YES;
				SDKROOT = iphoneos;
				SWIFT_ACTIVE_COMPILATION_CONDITIONS = DEBUG;
				SWIFT_OPTIMIZATION_LEVEL = "-Onone";
			};
			name = Debug;
		};
		9DB2384020B638640091885A /* Release */ = {
			isa = XCBuildConfiguration;
			buildSettings = {
				ALWAYS_SEARCH_USER_PATHS = NO;
				CLANG_ANALYZER_NONNULL = YES;
				CLANG_ANALYZER_NUMBER_OBJECT_CONVERSION = YES_AGGRESSIVE;
				CLANG_CXX_LANGUAGE_STANDARD = "gnu++14";
				CLANG_CXX_LIBRARY = "libc++";
				CLANG_ENABLE_MODULES = YES;
				CLANG_ENABLE_OBJC_ARC = YES;
				CLANG_ENABLE_OBJC_WEAK = YES;
				CLANG_WARN_BLOCK_CAPTURE_AUTORELEASING = YES;
				CLANG_WARN_BOOL_CONVERSION = YES;
				CLANG_WARN_COMMA = YES;
				CLANG_WARN_CONSTANT_CONVERSION = YES;
				CLANG_WARN_DEPRECATED_OBJC_IMPLEMENTATIONS = YES;
				CLANG_WARN_DIRECT_OBJC_ISA_USAGE = YES_ERROR;
				CLANG_WARN_DOCUMENTATION_COMMENTS = YES;
				CLANG_WARN_EMPTY_BODY = YES;
				CLANG_WARN_ENUM_CONVERSION = YES;
				CLANG_WARN_INFINITE_RECURSION = YES;
				CLANG_WARN_INT_CONVERSION = YES;
				CLANG_WARN_NON_LITERAL_NULL_CONVERSION = YES;
				CLANG_WARN_OBJC_IMPLICIT_RETAIN_SELF = YES;
				CLANG_WARN_OBJC_LITERAL_CONVERSION = YES;
				CLANG_WARN_OBJC_ROOT_CLASS = YES_ERROR;
				CLANG_WARN_RANGE_LOOP_ANALYSIS = YES;
				CLANG_WARN_STRICT_PROTOTYPES = YES;
				CLANG_WARN_SUSPICIOUS_MOVE = YES;
				CLANG_WARN_UNGUARDED_AVAILABILITY = YES_AGGRESSIVE;
				CLANG_WARN_UNREACHABLE_CODE = YES;
				CLANG_WARN__DUPLICATE_METHOD_MATCH = YES;
				CODE_SIGN_IDENTITY = "iPhone Developer";
				COPY_PHASE_STRIP = NO;
				DEBUG_INFORMATION_FORMAT = "dwarf-with-dsym";
				ENABLE_NS_ASSERTIONS = NO;
				ENABLE_STRICT_OBJC_MSGSEND = YES;
				GCC_C_LANGUAGE_STANDARD = gnu11;
				GCC_NO_COMMON_BLOCKS = YES;
				GCC_WARN_64_TO_32_BIT_CONVERSION = YES;
				GCC_WARN_ABOUT_RETURN_TYPE = YES_ERROR;
				GCC_WARN_UNDECLARED_SELECTOR = YES;
				GCC_WARN_UNINITIALIZED_AUTOS = YES_AGGRESSIVE;
				GCC_WARN_UNUSED_FUNCTION = YES;
				GCC_WARN_UNUSED_VARIABLE = YES;
				IPHONEOS_DEPLOYMENT_TARGET = 11.3;
				MTL_ENABLE_DEBUG_INFO = NO;
				SDKROOT = iphoneos;
				SWIFT_COMPILATION_MODE = wholemodule;
				SWIFT_OPTIMIZATION_LEVEL = "-O";
				VALIDATE_PRODUCT = YES;
			};
			name = Release;
		};
		9DB2384220B638640091885A /* Debug */ = {
			isa = XCBuildConfiguration;
			buildSettings = {
				ASSETCATALOG_COMPILER_APPICON_NAME = AppIcon;
				CODE_SIGN_STYLE = Automatic;
				DEVELOPMENT_TEAM = 4X5NURS3PH;
				INFOPLIST_FILE = "$(SRCROOT)/IceJumpers/Resources/Info.plist";
				LD_RUNPATH_SEARCH_PATHS = (
					"$(inherited)",
					"@executable_path/Frameworks",
				);
				PRODUCT_BUNDLE_IDENTIFIER = com.JamesNeeley.IceJumpers;
				PRODUCT_NAME = "$(TARGET_NAME)";
				SWIFT_VERSION = 4.0;
				TARGETED_DEVICE_FAMILY = "1,2";
			};
			name = Debug;
		};
		9DB2384320B638640091885A /* Release */ = {
			isa = XCBuildConfiguration;
			buildSettings = {
				ASSETCATALOG_COMPILER_APPICON_NAME = AppIcon;
				CODE_SIGN_STYLE = Automatic;
				DEVELOPMENT_TEAM = 4X5NURS3PH;
				INFOPLIST_FILE = "$(SRCROOT)/IceJumpers/Resources/Info.plist";
				LD_RUNPATH_SEARCH_PATHS = (
					"$(inherited)",
					"@executable_path/Frameworks",
				);
				PRODUCT_BUNDLE_IDENTIFIER = com.JamesNeeley.IceJumpers;
				PRODUCT_NAME = "$(TARGET_NAME)";
				SWIFT_VERSION = 4.0;
				TARGETED_DEVICE_FAMILY = "1,2";
			};
			name = Release;
		};
/* End XCBuildConfiguration section */

/* Begin XCConfigurationList section */
		9DB2382420B638630091885A /* Build configuration list for PBXProject "IceJumpers" */ = {
			isa = XCConfigurationList;
			buildConfigurations = (
				9DB2383F20B638640091885A /* Debug */,
				9DB2384020B638640091885A /* Release */,
			);
			defaultConfigurationIsVisible = 0;
			defaultConfigurationName = Release;
		};
		9DB2384120B638640091885A /* Build configuration list for PBXNativeTarget "IceJumpers" */ = {
			isa = XCConfigurationList;
			buildConfigurations = (
				9DB2384220B638640091885A /* Debug */,
				9DB2384320B638640091885A /* Release */,
			);
			defaultConfigurationIsVisible = 0;
			defaultConfigurationName = Release;
		};
/* End XCConfigurationList section */
	};
	rootObject = 9DB2382120B638630091885A /* Project object */;
}
